{
  "requires": true,
  "lockfileVersion": 1,
  "dependencies": {
    "@fortawesome/fontawesome": {
      "version": "1.1.2",
      "resolved": "https://registry.npmjs.org/@fortawesome/fontawesome/-/fontawesome-1.1.2.tgz",
      "integrity": "sha512-bjoRufymOEbLIBWtUhvYf53GatzDc7A4GQp5nPlW/hquIOIFi/CEgmiWARjKwJ30fWwsgyj+H1qxMfgUFJNQ4A==",
      "requires": {
        "@fortawesome/fontawesome-common-types": "0.1.1"
      }
    },
    "@fortawesome/fontawesome-common-types": {
      "version": "0.1.1",
      "resolved": "https://registry.npmjs.org/@fortawesome/fontawesome-common-types/-/fontawesome-common-types-0.1.1.tgz",
      "integrity": "sha512-KxD6KAXjiyLrZHT0r7lnRVyE8DhYZW3GjKmamneD0t+yBjpYO96l1VbsQE1gwrc5qWzG58Km4VzYwYrEvcf4OA=="
    }
  }
}
